
Microsoft Visual Studio Solution File, Format Version 12.00
# Visual Studio Version 17
VisualStudioVersion = 17.4.33403.182
MinimumVisualStudioVersion = 10.0.40219.1
Project("{9A19103F-16F7-4668-BE54-9A1E7A4F7556}") = "Payroll.Web", "Payroll.Web\Payroll.Web.csproj", "{77582430-972B-4C00-ABB9-DD2B9984E01E}"
EndProject
Project("{9A19103F-16F7-4668-BE54-9A1E7A4F7556}") = "Payroll.DataAccess", "Payroll.DataAccess\Payroll.DataAccess.csproj", "{077BB9EA-14D3-4F48-BFF8-13B2BE338DAC}"
EndProject
Project("{9A19103F-16F7-4668-BE54-9A1E7A4F7556}") = "Payroll.Business", "Payroll.Business\Payroll.Business.csproj", "{63F86A73-F73A-4E8A-8D46-0AFB42C59D30}"
EndProject
Project("{2150E333-8FDC-42A3-9474-1A3956D46DE8}") = "domain", "domain", "{E8F94CAA-AB41-4D54-8942-B00D78A14242}"
EndProject
Project("{2150E333-8FDC-42A3-9474-1A3956D46DE8}") = "infrastructura", "infrastructura", "{18B57996-4783-4717-8491-34E800B6BB9E}"
EndProject
Project("{2150E333-8FDC-42A3-9474-1A3956D46DE8}") = "presentation", "presentation", "{45E8E066-669C-43A6-BBDC-D9E4874A07FB}"
EndProject
Global
	GlobalSection(SolutionConfigurationPlatforms) = preSolution
		Debug|Any CPU = Debug|Any CPU
		Release|Any CPU = Release|Any CPU
	EndGlobalSection
	GlobalSection(ProjectConfigurationPlatforms) = postSolution
		{77582430-972B-4C00-ABB9-DD2B9984E01E}.Debug|Any CPU.ActiveCfg = Debug|Any CPU
		{77582430-972B-4C00-ABB9-DD2B9984E01E}.Debug|Any CPU.Build.0 = Debug|Any CPU
		{77582430-972B-4C00-ABB9-DD2B9984E01E}.Release|Any CPU.ActiveCfg = Release|Any CPU
		{77582430-972B-4C00-ABB9-DD2B9984E01E}.Release|Any CPU.Build.0 = Release|Any CPU
		{077BB9EA-14D3-4F48-BFF8-13B2BE338DAC}.Debug|Any CPU.ActiveCfg = Debug|Any CPU
		{077BB9EA-14D3-4F48-BFF8-13B2BE338DAC}.Debug|Any CPU.Build.0 = Debug|Any CPU
		{077BB9EA-14D3-4F48-BFF8-13B2BE338DAC}.Release|Any CPU.ActiveCfg = Release|Any CPU
		{077BB9EA-14D3-4F48-BFF8-13B2BE338DAC}.Release|Any CPU.Build.0 = Release|Any CPU
		{63F86A73-F73A-4E8A-8D46-0AFB42C59D30}.Debug|Any CPU.ActiveCfg = Debug|Any CPU
		{63F86A73-F73A-4E8A-8D46-0AFB42C59D30}.Debug|Any CPU.Build.0 = Debug|Any CPU
		{63F86A73-F73A-4E8A-8D46-0AFB42C59D30}.Release|Any CPU.ActiveCfg = Release|Any CPU
		{63F86A73-F73A-4E8A-8D46-0AFB42C59D30}.Release|Any CPU.Build.0 = Release|Any CPU
	EndGlobalSection
	GlobalSection(SolutionProperties) = preSolution
		HideSolutionNode = FALSE
	EndGlobalSection
	GlobalSection(NestedProjects) = preSolution
		{77582430-972B-4C00-ABB9-DD2B9984E01E} = {45E8E066-669C-43A6-BBDC-D9E4874A07FB}
		{077BB9EA-14D3-4F48-BFF8-13B2BE338DAC} = {E8F94CAA-AB41-4D54-8942-B00D78A14242}
		{63F86A73-F73A-4E8A-8D46-0AFB42C59D30} = {18B57996-4783-4717-8491-34E800B6BB9E}
	EndGlobalSection
	GlobalSection(ExtensibilityGlobals) = postSolution
		SolutionGuid = {C132A891-0B32-49EE-B059-52AA467D80A4}
	EndGlobalSection
EndGlobal
